{
  "version": 4,
  "terraform_version": "1.2.3",
  "serial": 11,
  "lineage": "cb363429-2402-8ef2-62e2-24c58533d7ee",
  "outputs": {
    "bucket_endpoint": {
      "value": "onlinebiz.com.br.s3-website-us-west-2.amazonaws.com",
      "type": "string"
    },
    "domain_name": {
      "value": "onlinebiz.com.br",
      "type": "string"
    },
    "website_bucket_name": {
      "value": "onlinebiz.com.br",
      "type": "string"
    }
  },
  "resources": [
    {
      "mode": "data",
      "type": "cloudflare_zones",
      "name": "domain",
      "provider": "provider[\"registry.terraform.io/cloudflare/cloudflare\"]",
      "instances": [
        {
          "schema_version": 0,
          "attributes": {
            "filter": [
              {
                "lookup_type": "exact",
                "match": "",
                "name": "onlinebiz.com.br",
                "paused": false,
                "status": ""
              }
            ],
            "id": "6e574c14f0657ed28b7d3f0a26d8a07e",
            "zones": [
              {
                "id": "6cfbb9841c2c542923e54897d9bd8eec",
                "name": "onlinebiz.com.br"
              }
            ]
          },
          "sensitive_attributes": []
        }
      ]
    },
    {
      "mode": "managed",
      "type": "aws_s3_bucket",
      "name": "site",
      "provider": "provider[\"registry.terraform.io/hashicorp/aws\"]",
      "instances": [
        {
          "schema_version": 0,
          "attributes": {
            "acceleration_status": "",
            "acl": "private",
            "arn": "arn:aws:s3:::onlinebiz.com.br",
            "bucket": "onlinebiz.com.br",
            "bucket_domain_name": "onlinebiz.com.br.s3.amazonaws.com",
            "bucket_prefix": null,
            "bucket_regional_domain_name": "onlinebiz.com.br.s3.us-west-2.amazonaws.com",
            "cors_rule": [],
            "force_destroy": false,
            "grant": [
              {
                "id": "",
                "permissions": [
                  "READ"
                ],
                "type": "Group",
                "uri": "http://acs.amazonaws.com/groups/global/AllUsers"
              },
              {
                "id": "05e80c0fe358526fe7ae307a3ce9e773069efb56eecd1036091656634ad9fef2",
                "permissions": [
                  "FULL_CONTROL"
                ],
                "type": "CanonicalUser",
                "uri": ""
              }
            ],
            "hosted_zone_id": "Z3BJ6K6RIION7M",
            "id": "onlinebiz.com.br",
            "lifecycle_rule": [],
            "logging": [],
            "object_lock_configuration": [],
            "policy": "{\"Version\":\"2012-10-17\",\"Statement\":[{\"Sid\":\"PublicReadGetObject\",\"Effect\":\"Allow\",\"Principal\":\"*\",\"Action\":\"s3:GetObject\",\"Resource\":[\"arn:aws:s3:::onlinebiz.com.br\",\"arn:aws:s3:::onlinebiz.com.br/*\"]}]}",
            "region": "us-west-2",
            "replication_configuration": [],
            "request_payer": "BucketOwner",
            "server_side_encryption_configuration": [],
            "tags": {},
            "tags_all": {},
            "versioning": [
              {
                "enabled": false,
                "mfa_delete": false
              }
            ],
            "website": [
              {
                "error_document": "error.html",
                "index_document": "index.html",
                "redirect_all_requests_to": "",
                "routing_rules": ""
              }
            ],
            "website_domain": "s3-website-us-west-2.amazonaws.com",
            "website_endpoint": "onlinebiz.com.br.s3-website-us-west-2.amazonaws.com"
          },
          "sensitive_attributes": [],
          "private": "bnVsbA=="
        }
      ]
    },
    {
      "mode": "managed",
      "type": "aws_s3_bucket",
      "name": "www",
      "provider": "provider[\"registry.terraform.io/hashicorp/aws\"]",
      "instances": [
        {
          "schema_version": 0,
          "attributes": {
            "acceleration_status": "",
            "acl": "private",
            "arn": "arn:aws:s3:::www.onlinebiz.com.br",
            "bucket": "www.onlinebiz.com.br",
            "bucket_domain_name": "www.onlinebiz.com.br.s3.amazonaws.com",
            "bucket_prefix": null,
            "bucket_regional_domain_name": "www.onlinebiz.com.br.s3.us-west-2.amazonaws.com",
            "cors_rule": [],
            "force_destroy": false,
            "grant": [],
            "hosted_zone_id": "Z3BJ6K6RIION7M",
            "id": "www.onlinebiz.com.br",
            "lifecycle_rule": [],
            "logging": [],
            "object_lock_configuration": [],
            "policy": "",
            "region": "us-west-2",
            "replication_configuration": [],
            "request_payer": "BucketOwner",
            "server_side_encryption_configuration": [],
            "tags": {},
            "tags_all": {},
            "versioning": [
              {
                "enabled": false,
                "mfa_delete": false
              }
            ],
            "website": [
              {
                "error_document": "",
                "index_document": "",
                "redirect_all_requests_to": "onlinebiz.com.br",
                "routing_rules": ""
              }
            ],
            "website_domain": "s3-website-us-west-2.amazonaws.com",
            "website_endpoint": "www.onlinebiz.com.br.s3-website-us-west-2.amazonaws.com"
          },
          "sensitive_attributes": [],
          "private": "bnVsbA=="
        }
      ]
    },
    {
      "mode": "managed",
      "type": "aws_s3_bucket_acl",
      "name": "site",
      "provider": "provider[\"registry.terraform.io/hashicorp/aws\"]",
      "instances": [
        {
          "schema_version": 0,
          "attributes": {
            "access_control_policy": [
              {
                "grant": [
                  {
                    "grantee": [
                      {
                        "display_name": "",
                        "email_address": "",
                        "id": "",
                        "type": "Group",
                        "uri": "http://acs.amazonaws.com/groups/global/AllUsers"
                      }
                    ],
                    "permission": "READ"
                  },
                  {
                    "grantee": [
                      {
                        "display_name": "erikdelimavicente",
                        "email_address": "",
                        "id": "05e80c0fe358526fe7ae307a3ce9e773069efb56eecd1036091656634ad9fef2",
                        "type": "CanonicalUser",
                        "uri": ""
                      }
                    ],
                    "permission": "FULL_CONTROL"
                  }
                ],
                "owner": [
                  {
                    "display_name": "erikdelimavicente",
                    "id": "05e80c0fe358526fe7ae307a3ce9e773069efb56eecd1036091656634ad9fef2"
                  }
                ]
              }
            ],
            "acl": "public-read",
            "bucket": "onlinebiz.com.br",
            "expected_bucket_owner": "",
            "id": "onlinebiz.com.br,public-read"
          },
          "sensitive_attributes": [],
          "private": "bnVsbA==",
          "dependencies": [
            "aws_s3_bucket.site"
          ]
        }
      ]
    },
    {
      "mode": "managed",
      "type": "aws_s3_bucket_acl",
      "name": "www",
      "provider": "provider[\"registry.terraform.io/hashicorp/aws\"]",
      "instances": [
        {
          "schema_version": 0,
          "attributes": {
            "access_control_policy": [
              {
                "grant": [
                  {
                    "grantee": [
                      {
                        "display_name": "erikdelimavicente",
                        "email_address": "",
                        "id": "05e80c0fe358526fe7ae307a3ce9e773069efb56eecd1036091656634ad9fef2",
                        "type": "CanonicalUser",
                        "uri": ""
                      }
                    ],
                    "permission": "FULL_CONTROL"
                  }
                ],
                "owner": [
                  {
                    "display_name": "erikdelimavicente",
                    "id": "05e80c0fe358526fe7ae307a3ce9e773069efb56eecd1036091656634ad9fef2"
                  }
                ]
              }
            ],
            "acl": "private",
            "bucket": "www.onlinebiz.com.br",
            "expected_bucket_owner": "",
            "id": "www.onlinebiz.com.br,private"
          },
          "sensitive_attributes": [],
          "private": "bnVsbA==",
          "dependencies": [
            "aws_s3_bucket.www"
          ]
        }
      ]
    },
    {
      "mode": "managed",
      "type": "aws_s3_bucket_policy",
      "name": "site",
      "provider": "provider[\"registry.terraform.io/hashicorp/aws\"]",
      "instances": [
        {
          "schema_version": 0,
          "attributes": {
            "bucket": "onlinebiz.com.br",
            "id": "onlinebiz.com.br",
            "policy": "{\"Statement\":[{\"Action\":\"s3:GetObject\",\"Effect\":\"Allow\",\"Principal\":\"*\",\"Resource\":[\"arn:aws:s3:::onlinebiz.com.br\",\"arn:aws:s3:::onlinebiz.com.br/*\"],\"Sid\":\"PublicReadGetObject\"}],\"Version\":\"2012-10-17\"}"
          },
          "sensitive_attributes": [],
          "private": "bnVsbA==",
          "dependencies": [
            "aws_s3_bucket.site"
          ]
        }
      ]
    },
    {
      "mode": "managed",
      "type": "aws_s3_bucket_website_configuration",
      "name": "site",
      "provider": "provider[\"registry.terraform.io/hashicorp/aws\"]",
      "instances": [
        {
          "schema_version": 0,
          "attributes": {
            "bucket": "onlinebiz.com.br",
            "error_document": [
              {
                "key": "error.html"
              }
            ],
            "expected_bucket_owner": "",
            "id": "onlinebiz.com.br",
            "index_document": [
              {
                "suffix": "index.html"
              }
            ],
            "redirect_all_requests_to": [],
            "routing_rule": [],
            "website_domain": "s3-website-us-west-2.amazonaws.com",
            "website_endpoint": "onlinebiz.com.br.s3-website-us-west-2.amazonaws.com"
          },
          "sensitive_attributes": [],
          "private": "bnVsbA==",
          "dependencies": [
            "aws_s3_bucket.site"
          ]
        }
      ]
    },
    {
      "mode": "managed",
      "type": "aws_s3_bucket_website_configuration",
      "name": "www",
      "provider": "provider[\"registry.terraform.io/hashicorp/aws\"]",
      "instances": [
        {
          "schema_version": 0,
          "attributes": {
            "bucket": "www.onlinebiz.com.br",
            "error_document": [],
            "expected_bucket_owner": "",
            "id": "www.onlinebiz.com.br",
            "index_document": [],
            "redirect_all_requests_to": [
              {
                "host_name": "onlinebiz.com.br",
                "protocol": ""
              }
            ],
            "routing_rule": [],
            "website_domain": "s3-website-us-west-2.amazonaws.com",
            "website_endpoint": "www.onlinebiz.com.br.s3-website-us-west-2.amazonaws.com"
          },
          "sensitive_attributes": [],
          "private": "bnVsbA==",
          "dependencies": [
            "aws_s3_bucket.www"
          ]
        }
      ]
    },
    {
      "mode": "managed",
      "type": "cloudflare_record",
      "name": "site_cname",
      "provider": "provider[\"registry.terraform.io/cloudflare/cloudflare\"]",
      "instances": [
        {
          "schema_version": 1,
          "attributes": {
            "created_on": "2022-07-14T15:21:24.036405Z",
            "data": {},
            "hostname": "onlinebiz.com.br",
            "id": "e6392b75c68b9836fff6c9c0cb662e71",
            "metadata": {
              "auto_added": "false",
              "managed_by_apps": "false",
              "managed_by_argo_tunnel": "false",
              "source": "primary"
            },
            "modified_on": "2022-07-14T15:21:24.036405Z",
            "name": "onlinebiz.com.br",
            "priority": null,
            "proxiable": true,
            "proxied": true,
            "timeouts": null,
            "ttl": 1,
            "type": "CNAME",
            "value": "onlinebiz.com.br.s3-website-us-west-2.amazonaws.com",
            "zone_id": "6cfbb9841c2c542923e54897d9bd8eec"
          },
          "sensitive_attributes": [],
          "private": "eyJlMmJmYjczMC1lY2FhLTExZTYtOGY4OC0zNDM2M2JjN2M0YzAiOnsiY3JlYXRlIjozMDAwMDAwMDAwMCwidXBkYXRlIjozMDAwMDAwMDAwMH0sInNjaGVtYV92ZXJzaW9uIjoiMSJ9",
          "dependencies": [
            "aws_s3_bucket.site",
            "aws_s3_bucket_website_configuration.site",
            "data.cloudflare_zones.domain"
          ]
        }
      ]
    },
    {
      "mode": "managed",
      "type": "cloudflare_record",
      "name": "www",
      "provider": "provider[\"registry.terraform.io/cloudflare/cloudflare\"]",
      "instances": [
        {
          "schema_version": 1,
          "attributes": {
            "created_on": "2022-07-14T15:21:00.569257Z",
            "data": {},
            "hostname": "www.onlinebiz.com.br",
            "id": "629a896bbda555d02371e7a0d89cbbba",
            "metadata": {
              "auto_added": "false",
              "managed_by_apps": "false",
              "managed_by_argo_tunnel": "false",
              "source": "primary"
            },
            "modified_on": "2022-07-14T15:21:00.569257Z",
            "name": "www",
            "priority": null,
            "proxiable": true,
            "proxied": true,
            "timeouts": null,
            "ttl": 1,
            "type": "CNAME",
            "value": "onlinebiz.com.br",
            "zone_id": "6cfbb9841c2c542923e54897d9bd8eec"
          },
          "sensitive_attributes": [],
          "private": "eyJlMmJmYjczMC1lY2FhLTExZTYtOGY4OC0zNDM2M2JjN2M0YzAiOnsiY3JlYXRlIjozMDAwMDAwMDAwMCwidXBkYXRlIjozMDAwMDAwMDAwMH0sInNjaGVtYV92ZXJzaW9uIjoiMSJ9",
          "dependencies": [
            "data.cloudflare_zones.domain"
          ]
        }
      ]
    }
  ]
}
